github.com/d2r2/go-i2c v0.0.0-20191123181816-73a8a799d6bc h1:HLRSIWzUGMLCq4ldt0W1GLs3nnAxa5EGoP+9qHgh6j0=
github.com/d2r2/go-i2c v0.0.0-20191123181816-73a8a799d6bc/go.mod h1:AwxDPnsgIpy47jbGXZHA9Rv7pDkOJvQbezPuK1Y+nNk=
github.com/d2r2/go-logger v0.0.0-20210606094344-60e9d1233e22 h1:nO+SY4KOMsF/LsZ5EtbSKhiT3M6sv/igo2PEru/xEHI=
github.com/d2r2/go-logger v0.0.0-20210606094344-60e9d1233e22/go.mod h1:eSx+YfcVy5vCjRZBNIhpIpfCGFMQ6XSOSQkDk7+VCpg=
github.com/d2r2/go-vl53l0x v0.0.0-20181222171112-cfe65673d111 h1:0rHywTOJikliG0Xz9Iil9+54DZ12qUmSvLcKOIgd/rU=
github.com/d2r2/go-vl53l0x v0.0.0-20181222171112-cfe65673d111/go.mod h1:HdavqXJE5ZXc7quR0kwoEWiumveGLw3T3o52x5KG/rs=
github.com/davecgh/go-spew v1.1.1 h1:vj9j/u1bqnvCEfJOwUhtlOARqs3+rkHYY13jYWTU97c=
github.com/davecgh/go-spew v1.1.1/go.mod h1:J7Y8YcW2NihsgmVo/mv3lAwl/skON4iLHjSsI+c5H38=
golang.org/x/net v0.48.0 h1:zyQRTTrjc33Lhh0fBgT/H3oZq9WuvRR5gPC70xpDiQU=
golang.org/x/net v0.48.0/go.mod h1:+ndRgGjkh8FGtu1w1FGbEC31if4VrNVMuKTgcAAnQRY=
golang.org/x/sys v0.39.0 h1:CvCKL8MeisomCi6qNZ+wbb0DN9E5AATixKsvNtMoMFk=
golang.org/x/sys v0.39.0/go.mod h1:OgkHotnGiDImocRcuBABYBEXf8A9a87e/uXjp9XT3ks=
golang.org/x/text v0.32.0 h1:ZD01bjUt1FQ9WJ0ClOL5vxgxOI/sVCNgX1YtKwcY0mU=
golang.org/x/text v0.32.0/go.mod h1:o/rUWzghvpD5TXrTIBuJU77MTaN0ljMWE47kxGJQ7jY=
google.golang.org/genproto/googleapis/rpc v0.0.0-20251202230838-ff82c1b0f217 h1:gRkg/vSppuSQoDjxyiGfN4Upv/h/DQmIR10ZU8dh4Ww=
google.golang.org/genproto/googleapis/rpc v0.0.0-20251202230838-ff82c1b0f217/go.mod h1:7i2o+ce6H/6BluujYR+kqX3GKH+dChPTQU19wjRPiGk=
google.golang.org/grpc v1.79.3 h1:sybAEdRIEtvcD68Gx7dmnwjZKlyfuc61Dyo9pGXXkKE=
google.golang.org/grpc v1.79.3/go.mod h1:KmT0Kjez+0dde/v2j9vzwoAScgEPx/Bw1CYChhHLrHQ=
google.golang.org/protobuf v1.36.11 h1:fV6ZwhNocDyBLK0dj+fg8ektcVegBBuEolpbTQyBNVE=
google.golang.org/protobuf v1.36.11/go.mod h1:HTf+CrKn2C3g5S8VImy6tdcUvCska2kB7j23XfzDpco=
periph.io/x/conn/v3 v3.7.2 h1:qt9dE6XGP5ljbFnCKRJ9OOCoiOyBGlw7JZgoi72zZ1s=
periph.io/x/conn/v3 v3.7.2/go.mod h1:Ao0b4sFRo4QOx6c1tROJU1fLJN1hUIYggjOrkIVnpGg=
periph.io/x/host/v3 v3.8.5 h1:g4g5xE1XZtDiGl1UAJaUur1aT7uNiFLMkyMEiZ7IHII=
periph.io/x/host/v3 v3.8.5/go.mod h1:hPq8dISZIc+UNfWoRj+bPH3XEBQqJPdFdx218W92mdc=
